
Microsoft Visual Studio Solution File, Format Version 12.00
# Visual Studio Version 16
VisualStudioVersion = 16.0.30002.166
MinimumVisualStudioVersion = 10.0.40219.1
Project("{9A19103F-16F7-4668-BE54-9A1E7A4F7556}") = "RWD.Toolbox.PasswordGenerator", "RWD.Toolbox.PasswordGenerator\RWD.Toolbox.PasswordGenerator.csproj", "{BED8EB6C-52C5-44BE-A419-DD88FA9CC197}"
EndProject
Global
	GlobalSection(SolutionConfigurationPlatforms) = preSolution
		Debug|Any CPU = Debug|Any CPU
		Release|Any CPU = Release|Any CPU
	EndGlobalSection
	GlobalSection(ProjectConfigurationPlatforms) = postSolution
		{BED8EB6C-52C5-44BE-A419-DD88FA9CC197}.Debug|Any CPU.ActiveCfg = Debug|Any CPU
		{BED8EB6C-52C5-44BE-A419-DD88FA9CC197}.Debug|Any CPU.Build.0 = Debug|Any CPU
		{BED8EB6C-52C5-44BE-A419-DD88FA9CC197}.Release|Any CPU.ActiveCfg = Release|Any CPU
		{BED8EB6C-52C5-44BE-A419-DD88FA9CC197}.Release|Any CPU.Build.0 = Release|Any CPU
	EndGlobalSection
	GlobalSection(SolutionProperties) = preSolution
		HideSolutionNode = FALSE
	EndGlobalSection
	GlobalSection(ExtensibilityGlobals) = postSolution
		SolutionGuid = {488A9581-816F-47D2-8807-FB255F568BC2}
	EndGlobalSection
EndGlobal
